// !$*UTF8*$!
{
	archiveVersion = 1;
	classes = {
	};
	objectVersion = 46;
	objects = {

/* Begin PBXBuildFile section */
		0B206B7D1BF35FB100AAD6AB /* FBSDKCoreKit.framework in Frameworks */ = {isa = PBXBuildFile; fileRef = 0B206B7A1BF35FB100AAD6AB /* FBSDKCoreKit.framework */; };
		0B206B7E1BF35FB100AAD6AB /* FBSDKLoginKit.framework in Frameworks */ = {isa = PBXBuildFile; fileRef = 0B206B7B1BF35FB100AAD6AB /* FBSDKLoginKit.framework */; };
		0B206B7F1BF35FB100AAD6AB /* FBSDKShareKit.framework in Frameworks */ = {isa = PBXBuildFile; fileRef = 0B206B7C1BF35FB100AAD6AB /* FBSDKShareKit.framework */; };
		0B9C6D8D1BFDC62E00DE74B5 /* HealthKit.framework in Frameworks */ = {isa = PBXBuildFile; fileRef = F5FC87391BF35530003DCDDE /* HealthKit.framework */; };
		0B9C6DF11BFDE7FC00DE74B5 /* Alamofire.framework in Frameworks */ = {isa = PBXBuildFile; fileRef = 0B9C6DE41BFDE7CC00DE74B5 /* Alamofire.framework */; };
		0B9C6DF21BFDE7FC00DE74B5 /* Alamofire.framework in Embed Frameworks */ = {isa = PBXBuildFile; fileRef = 0B9C6DE41BFDE7CC00DE74B5 /* Alamofire.framework */; settings = {ATTRIBUTES = (CodeSignOnCopy, RemoveHeadersOnCopy, ); }; };
		0B9C6DF51BFDF2E300DE74B5 /* Alamofire.framework in Frameworks */ = {isa = PBXBuildFile; fileRef = 0B9C6DE41BFDE7CC00DE74B5 /* Alamofire.framework */; };
		0B9C6DF61BFDF2E900DE74B5 /* Charts.framework in Frameworks */ = {isa = PBXBuildFile; fileRef = F50CE73D1BD506FF0048B5A0 /* Charts.framework */; };
		0B9C6DF71BFDF36000DE74B5 /* FBSDKCoreKit.framework in Frameworks */ = {isa = PBXBuildFile; fileRef = 0B206B7A1BF35FB100AAD6AB /* FBSDKCoreKit.framework */; };
		0B9C6DF81BFDF36000DE74B5 /* FBSDKLoginKit.framework in Frameworks */ = {isa = PBXBuildFile; fileRef = 0B206B7B1BF35FB100AAD6AB /* FBSDKLoginKit.framework */; };
		0B9C6DF91BFDF36000DE74B5 /* FBSDKShareKit.framework in Frameworks */ = {isa = PBXBuildFile; fileRef = 0B206B7C1BF35FB100AAD6AB /* FBSDKShareKit.framework */; };
		0B9E682F1BE75A3E00A61991 /* HistoryTableViewController.swift in Sources */ = {isa = PBXBuildFile; fileRef = 0B9E682E1BE75A3E00A61991 /* HistoryTableViewController.swift */; };
		0BDD8F821BD4CDFE0095FCE9 /* AppDelegate.swift in Sources */ = {isa = PBXBuildFile; fileRef = 0BDD8F811BD4CDFE0095FCE9 /* AppDelegate.swift */; };
		0BDD8F841BD4CDFE0095FCE9 /* ViewController.swift in Sources */ = {isa = PBXBuildFile; fileRef = 0BDD8F831BD4CDFE0095FCE9 /* ViewController.swift */; };
		0BDD8F871BD4CDFE0095FCE9 /* Main.storyboard in Resources */ = {isa = PBXBuildFile; fileRef = 0BDD8F851BD4CDFE0095FCE9 /* Main.storyboard */; };
		0BDD8F891BD4CDFE0095FCE9 /* Assets.xcassets in Resources */ = {isa = PBXBuildFile; fileRef = 0BDD8F881BD4CDFE0095FCE9 /* Assets.xcassets */; };
		0BDD8F971BD4CDFE0095FCE9 /* StandupTests.swift in Sources */ = {isa = PBXBuildFile; fileRef = 0BDD8F961BD4CDFE0095FCE9 /* StandupTests.swift */; };
		0BDD8FA21BD4CDFE0095FCE9 /* StandupUITests.swift in Sources */ = {isa = PBXBuildFile; fileRef = 0BDD8FA11BD4CDFE0095FCE9 /* StandupUITests.swift */; };
		F50CE7471BD508390048B5A0 /* TodayViewController.swift in Sources */ = {isa = PBXBuildFile; fileRef = F50CE7461BD508390048B5A0 /* TodayViewController.swift */; };
		F50CE7541BD50BEE0048B5A0 /* Charts.framework in Frameworks */ = {isa = PBXBuildFile; fileRef = F50CE73D1BD506FF0048B5A0 /* Charts.framework */; };
		F50CE7551BD50BEE0048B5A0 /* Charts.framework in Embed Frameworks */ = {isa = PBXBuildFile; fileRef = F50CE73D1BD506FF0048B5A0 /* Charts.framework */; settings = {ATTRIBUTES = (CodeSignOnCopy, RemoveHeadersOnCopy, ); }; };
		F5D2FBC21BEB564300F70AC9 /* Activity.swift in Sources */ = {isa = PBXBuildFile; fileRef = F5D2FBC11BEB564300F70AC9 /* Activity.swift */; };
		F5D2FBC61BEB6F6200F70AC9 /* ActivityCollection.swift in Sources */ = {isa = PBXBuildFile; fileRef = F5D2FBC51BEB6F6200F70AC9 /* ActivityCollection.swift */; };
		F5FC873A1BF35530003DCDDE /* HealthKit.framework in Frameworks */ = {isa = PBXBuildFile; fileRef = F5FC87391BF35530003DCDDE /* HealthKit.framework */; };
		F5FC873D1BF356F5003DCDDE /* HealthKitManager.swift in Sources */ = {isa = PBXBuildFile; fileRef = F5FC873C1BF356F5003DCDDE /* HealthKitManager.swift */; };
/* End PBXBuildFile section */

/* Begin PBXContainerItemProxy section */
		0B9C6DE31BFDE7CC00DE74B5 /* PBXContainerItemProxy */ = {
			isa = PBXContainerItemProxy;
			containerPortal = 0B9C6DD91BFDE7CC00DE74B5 /* Alamofire.xcodeproj */;
			proxyType = 2;
			remoteGlobalIDString = F8111E3319A95C8B0040E7D1;
			remoteInfo = "Alamofire iOS";
		};
		0B9C6DE51BFDE7CC00DE74B5 /* PBXContainerItemProxy */ = {
			isa = PBXContainerItemProxy;
			containerPortal = 0B9C6DD91BFDE7CC00DE74B5 /* Alamofire.xcodeproj */;
			proxyType = 2;
			remoteGlobalIDString = F8111E3E19A95C8B0040E7D1;
			remoteInfo = "Alamofire iOS Tests";
		};
		0B9C6DE71BFDE7CC00DE74B5 /* PBXContainerItemProxy */ = {
			isa = PBXContainerItemProxy;
			containerPortal = 0B9C6DD91BFDE7CC00DE74B5 /* Alamofire.xcodeproj */;
			proxyType = 2;
			remoteGlobalIDString = 4DD67C0B1A5C55C900ED2280;
			remoteInfo = "Alamofire OSX";
		};
		0B9C6DE91BFDE7CC00DE74B5 /* PBXContainerItemProxy */ = {
			isa = PBXContainerItemProxy;
			containerPortal = 0B9C6DD91BFDE7CC00DE74B5 /* Alamofire.xcodeproj */;
			proxyType = 2;
			remoteGlobalIDString = F829C6B21A7A94F100A2CD59;
			remoteInfo = "Alamofire OSX Tests";
		};
		0B9C6DEB1BFDE7CC00DE74B5 /* PBXContainerItemProxy */ = {
			isa = PBXContainerItemProxy;
			containerPortal = 0B9C6DD91BFDE7CC00DE74B5 /* Alamofire.xcodeproj */;
			proxyType = 2;
			remoteGlobalIDString = 4CF626EF1BA7CB3E0011A099;
			remoteInfo = "Alamofire tvOS";
		};
		0B9C6DED1BFDE7CC00DE74B5 /* PBXContainerItemProxy */ = {
			isa = PBXContainerItemProxy;
			containerPortal = 0B9C6DD91BFDE7CC00DE74B5 /* Alamofire.xcodeproj */;
			proxyType = 2;
			remoteGlobalIDString = 4CF626F81BA7CB3E0011A099;
			remoteInfo = "Alamofire tvOS Tests";
		};
		0B9C6DEF1BFDE7CC00DE74B5 /* PBXContainerItemProxy */ = {
			isa = PBXContainerItemProxy;
			containerPortal = 0B9C6DD91BFDE7CC00DE74B5 /* Alamofire.xcodeproj */;
			proxyType = 2;
			remoteGlobalIDString = E4202FE01B667AA100C997FB;
			remoteInfo = "Alamofire watchOS";
		};
		0B9C6DF31BFDE7FC00DE74B5 /* PBXContainerItemProxy */ = {
			isa = PBXContainerItemProxy;
			containerPortal = 0B9C6DD91BFDE7CC00DE74B5 /* Alamofire.xcodeproj */;
			proxyType = 1;
			remoteGlobalIDString = F8111E3219A95C8B0040E7D1;
			remoteInfo = "Alamofire iOS";
		};
		0BDD8F931BD4CDFE0095FCE9 /* PBXContainerItemProxy */ = {
			isa = PBXContainerItemProxy;
			containerPortal = 0BDD8F761BD4CDFE0095FCE9 /* Project object */;
			proxyType = 1;
			remoteGlobalIDString = 0BDD8F7D1BD4CDFE0095FCE9;
			remoteInfo = Standup;
		};
		0BDD8F9E1BD4CDFE0095FCE9 /* PBXContainerItemProxy */ = {
			isa = PBXContainerItemProxy;
			containerPortal = 0BDD8F761BD4CDFE0095FCE9 /* Project object */;
			proxyType = 1;
			remoteGlobalIDString = 0BDD8F7D1BD4CDFE0095FCE9;
			remoteInfo = Standup;
		};
		F50CE73C1BD506FF0048B5A0 /* PBXContainerItemProxy */ = {
			isa = PBXContainerItemProxy;
			containerPortal = F50CE7371BD506FF0048B5A0 /* Charts.xcodeproj */;
			proxyType = 2;
			remoteGlobalIDString = 5BA8EC401A9D14DC00CE82E1;
			remoteInfo = Charts;
		};
		F50CE73E1BD506FF0048B5A0 /* PBXContainerItemProxy */ = {
			isa = PBXContainerItemProxy;
			containerPortal = F50CE7371BD506FF0048B5A0 /* Charts.xcodeproj */;
			proxyType = 2;
			remoteGlobalIDString = A52C5C371BAC5CA400594CDD;
			remoteInfo = ChartsTV;
		};
		F50CE7561BD50BEE0048B5A0 /* PBXContainerItemProxy */ = {
			isa = PBXContainerItemProxy;
			containerPortal = F50CE7371BD506FF0048B5A0 /* Charts.xcodeproj */;
			proxyType = 1;
			remoteGlobalIDString = 5BA8EC3F1A9D14DC00CE82E1;
			remoteInfo = Charts;
		};
/* End PBXContainerItemProxy section */

/* Begin PBXCopyFilesBuildPhase section */
		F50CE7581BD50BEE0048B5A0 /* Embed Frameworks */ = {
			isa = PBXCopyFilesBuildPhase;
			buildActionMask = 2147483647;
			dstPath = "";
			dstSubfolderSpec = 10;
			files = (
				F50CE7551BD50BEE0048B5A0 /* Charts.framework in Embed Frameworks */,
				0B9C6DF21BFDE7FC00DE74B5 /* Alamofire.framework in Embed Frameworks */,
			);
			name = "Embed Frameworks";
			runOnlyForDeploymentPostprocessing = 0;
		};
/* End PBXCopyFilesBuildPhase section */

/* Begin PBXFileReference section */
		0B206B7A1BF35FB100AAD6AB /* FBSDKCoreKit.framework */ = {isa = PBXFileReference; lastKnownFileType = wrapper.framework; name = FBSDKCoreKit.framework; path = ../../../FacebookSDK/FBSDKCoreKit.framework; sourceTree = "<group>"; };
		0B206B7B1BF35FB100AAD6AB /* FBSDKLoginKit.framework */ = {isa = PBXFileReference; lastKnownFileType = wrapper.framework; name = FBSDKLoginKit.framework; path = ../../../FacebookSDK/FBSDKLoginKit.framework; sourceTree = "<group>"; };
		0B206B7C1BF35FB100AAD6AB /* FBSDKShareKit.framework */ = {isa = PBXFileReference; lastKnownFileType = wrapper.framework; name = FBSDKShareKit.framework; path = ../../../FacebookSDK/FBSDKShareKit.framework; sourceTree = "<group>"; };
		0B9C6DD91BFDE7CC00DE74B5 /* Alamofire.xcodeproj */ = {isa = PBXFileReference; lastKnownFileType = "wrapper.pb-project"; name = Alamofire.xcodeproj; path = ../Alamofire/Alamofire.xcodeproj; sourceTree = "<group>"; };
		0B9E682E1BE75A3E00A61991 /* HistoryTableViewController.swift */ = {isa = PBXFileReference; fileEncoding = 4; lastKnownFileType = sourcecode.swift; path = HistoryTableViewController.swift; sourceTree = "<group>"; };
		0BDD8F7E1BD4CDFE0095FCE9 /* Standup.app */ = {isa = PBXFileReference; explicitFileType = wrapper.application; includeInIndex = 0; path = Standup.app; sourceTree = BUILT_PRODUCTS_DIR; };
		0BDD8F811BD4CDFE0095FCE9 /* AppDelegate.swift */ = {isa = PBXFileReference; lastKnownFileType = sourcecode.swift; path = AppDelegate.swift; sourceTree = "<group>"; };
		0BDD8F831BD4CDFE0095FCE9 /* ViewController.swift */ = {isa = PBXFileReference; lastKnownFileType = sourcecode.swift; path = ViewController.swift; sourceTree = "<group>"; };
		0BDD8F861BD4CDFE0095FCE9 /* Base */ = {isa = PBXFileReference; lastKnownFileType = file.storyboard; name = Base; path = Base.lproj/Main.storyboard; sourceTree = "<group>"; };
		0BDD8F881BD4CDFE0095FCE9 /* Assets.xcassets */ = {isa = PBXFileReference; lastKnownFileType = folder.assetcatalog; path = Assets.xcassets; sourceTree = "<group>"; };
		0BDD8F8D1BD4CDFE0095FCE9 /* Info.plist */ = {isa = PBXFileReference; lastKnownFileType = text.plist.xml; path = Info.plist; sourceTree = "<group>"; };
		0BDD8F921BD4CDFE0095FCE9 /* StandupTests.xctest */ = {isa = PBXFileReference; explicitFileType = wrapper.cfbundle; includeInIndex = 0; path = StandupTests.xctest; sourceTree = BUILT_PRODUCTS_DIR; };
		0BDD8F961BD4CDFE0095FCE9 /* StandupTests.swift */ = {isa = PBXFileReference; lastKnownFileType = sourcecode.swift; path = StandupTests.swift; sourceTree = "<group>"; };
		0BDD8F981BD4CDFE0095FCE9 /* Info.plist */ = {isa = PBXFileReference; lastKnownFileType = text.plist.xml; path = Info.plist; sourceTree = "<group>"; };
		0BDD8F9D1BD4CDFE0095FCE9 /* StandupUITests.xctest */ = {isa = PBXFileReference; explicitFileType = wrapper.cfbundle; includeInIndex = 0; path = StandupUITests.xctest; sourceTree = BUILT_PRODUCTS_DIR; };
		0BDD8FA11BD4CDFE0095FCE9 /* StandupUITests.swift */ = {isa = PBXFileReference; lastKnownFileType = sourcecode.swift; path = StandupUITests.swift; sourceTree = "<group>"; };
		0BDD8FA31BD4CDFE0095FCE9 /* Info.plist */ = {isa = PBXFileReference; lastKnownFileType = text.plist.xml; path = Info.plist; sourceTree = "<group>"; };
		0BDD8FB61BD4D3240095FCE9 /* Standup.entitlements */ = {isa = PBXFileReference; lastKnownFileType = text.xml; path = Standup.entitlements; sourceTree = "<group>"; };
		F50CE7371BD506FF0048B5A0 /* Charts.xcodeproj */ = {isa = PBXFileReference; lastKnownFileType = "wrapper.pb-project"; name = Charts.xcodeproj; path = Charts/Charts.xcodeproj; sourceTree = SOURCE_ROOT; };
		F50CE7461BD508390048B5A0 /* TodayViewController.swift */ = {isa = PBXFileReference; fileEncoding = 4; lastKnownFileType = sourcecode.swift; path = TodayViewController.swift; sourceTree = "<group>"; };
		F5D2FBC11BEB564300F70AC9 /* Activity.swift */ = {isa = PBXFileReference; fileEncoding = 4; lastKnownFileType = sourcecode.swift; path = Activity.swift; sourceTree = "<group>"; };
		F5D2FBC51BEB6F6200F70AC9 /* ActivityCollection.swift */ = {isa = PBXFileReference; fileEncoding = 4; lastKnownFileType = sourcecode.swift; path = ActivityCollection.swift; sourceTree = "<group>"; };
		F5FC87391BF35530003DCDDE /* HealthKit.framework */ = {isa = PBXFileReference; lastKnownFileType = wrapper.framework; name = HealthKit.framework; path = System/Library/Frameworks/HealthKit.framework; sourceTree = SDKROOT; };
		F5FC873C1BF356F5003DCDDE /* HealthKitManager.swift */ = {isa = PBXFileReference; fileEncoding = 4; lastKnownFileType = sourcecode.swift; path = HealthKitManager.swift; sourceTree = "<group>"; };
/* End PBXFileReference section */

/* Begin PBXFrameworksBuildPhase section */
		0BDD8F7B1BD4CDFE0095FCE9 /* Frameworks */ = {
			isa = PBXFrameworksBuildPhase;
			buildActionMask = 2147483647;
			files = (
				0B206B7F1BF35FB100AAD6AB /* FBSDKShareKit.framework in Frameworks */,
				0B9C6DF11BFDE7FC00DE74B5 /* Alamofire.framework in Frameworks */,
				F50CE7541BD50BEE0048B5A0 /* Charts.framework in Frameworks */,
				F5FC873A1BF35530003DCDDE /* HealthKit.framework in Frameworks */,
				0B206B7D1BF35FB100AAD6AB /* FBSDKCoreKit.framework in Frameworks */,
				0B206B7E1BF35FB100AAD6AB /* FBSDKLoginKit.framework in Frameworks */,
			);
			runOnlyForDeploymentPostprocessing = 0;
		};
		0BDD8F8F1BD4CDFE0095FCE9 /* Frameworks */ = {
			isa = PBXFrameworksBuildPhase;
			buildActionMask = 2147483647;
			files = (
				0B9C6DF71BFDF36000DE74B5 /* FBSDKCoreKit.framework in Frameworks */,
				0B9C6DF81BFDF36000DE74B5 /* FBSDKLoginKit.framework in Frameworks */,
				0B9C6DF91BFDF36000DE74B5 /* FBSDKShareKit.framework in Frameworks */,
				0B9C6DF61BFDF2E900DE74B5 /* Charts.framework in Frameworks */,
				0B9C6DF51BFDF2E300DE74B5 /* Alamofire.framework in Frameworks */,
				0B9C6D8D1BFDC62E00DE74B5 /* HealthKit.framework in Frameworks */,
			);
			runOnlyForDeploymentPostprocessing = 0;
		};
		0BDD8F9A1BD4CDFE0095FCE9 /* Frameworks */ = {
			isa = PBXFrameworksBuildPhase;
			buildActionMask = 2147483647;
			files = (
			);
			runOnlyForDeploymentPostprocessing = 0;
		};
/* End PBXFrameworksBuildPhase section */

/* Begin PBXGroup section */
		0B9C6DDA1BFDE7CC00DE74B5 /* Products */ = {
			isa = PBXGroup;
			children = (
				0B9C6DE41BFDE7CC00DE74B5 /* Alamofire.framework */,
				0B9C6DE61BFDE7CC00DE74B5 /* Alamofire iOS Tests.xctest */,
				0B9C6DE81BFDE7CC00DE74B5 /* Alamofire.framework */,
				0B9C6DEA1BFDE7CC00DE74B5 /* Alamofire OSX Tests.xctest */,
				0B9C6DEC1BFDE7CC00DE74B5 /* Alamofire.framework */,
				0B9C6DEE1BFDE7CC00DE74B5 /* Alamofire tvOS Tests.xctest */,
				0B9C6DF01BFDE7CC00DE74B5 /* Alamofire.framework */,
			);
			name = Products;
			sourceTree = "<group>";
		};
		0BDD8F751BD4CDFE0095FCE9 = {
			isa = PBXGroup;
			children = (
				0B9C6DD91BFDE7CC00DE74B5 /* Alamofire.xcodeproj */,
				F5FC87391BF35530003DCDDE /* HealthKit.framework */,
				0B206B7A1BF35FB100AAD6AB /* FBSDKCoreKit.framework */,
				0B206B7B1BF35FB100AAD6AB /* FBSDKLoginKit.framework */,
				0B206B7C1BF35FB100AAD6AB /* FBSDKShareKit.framework */,
				0BDD8F801BD4CDFE0095FCE9 /* Standup */,
				0BDD8F951BD4CDFE0095FCE9 /* StandupTests */,
				F50CE7371BD506FF0048B5A0 /* Charts.xcodeproj */,
				0BDD8FA01BD4CDFE0095FCE9 /* StandupUITests */,
				0BDD8F7F1BD4CDFE0095FCE9 /* Products */,
			);
			sourceTree = "<group>";
		};
		0BDD8F7F1BD4CDFE0095FCE9 /* Products */ = {
			isa = PBXGroup;
			children = (
				0BDD8F7E1BD4CDFE0095FCE9 /* Standup.app */,
				0BDD8F921BD4CDFE0095FCE9 /* StandupTests.xctest */,
				0BDD8F9D1BD4CDFE0095FCE9 /* StandupUITests.xctest */,
			);
			name = Products;
			sourceTree = "<group>";
		};
		0BDD8F801BD4CDFE0095FCE9 /* Standup */ = {
			isa = PBXGroup;
			children = (
				F5FC873B1BF356DD003DCDDE /* Healthkit */,
				F5FAE0C51BE77AEC00A649E2 /* Model */,
				F50CE7451BD507EA0048B5A0 /* ViewControllers */,
				0BDD8FB61BD4D3240095FCE9 /* Standup.entitlements */,
				0BDD8F811BD4CDFE0095FCE9 /* AppDelegate.swift */,
				0BDD8F831BD4CDFE0095FCE9 /* ViewController.swift */,
				0BDD8F851BD4CDFE0095FCE9 /* Main.storyboard */,
				0BDD8F881BD4CDFE0095FCE9 /* Assets.xcassets */,
				0BDD8F8D1BD4CDFE0095FCE9 /* Info.plist */,
			);
			path = Standup;
			sourceTree = "<group>";
		};
		0BDD8F951BD4CDFE0095FCE9 /* StandupTests */ = {
			isa = PBXGroup;
			children = (
				0BDD8F961BD4CDFE0095FCE9 /* StandupTests.swift */,
				0BDD8F981BD4CDFE0095FCE9 /* Info.plist */,
			);
			path = StandupTests;
			sourceTree = "<group>";
		};
		0BDD8FA01BD4CDFE0095FCE9 /* StandupUITests */ = {
			isa = PBXGroup;
			children = (
				0BDD8FA11BD4CDFE0095FCE9 /* StandupUITests.swift */,
				0BDD8FA31BD4CDFE0095FCE9 /* Info.plist */,
			);
			path = StandupUITests;
			sourceTree = "<group>";
		};
		F50CE7381BD506FF0048B5A0 /* Products */ = {
			isa = PBXGroup;
			children = (
				F50CE73D1BD506FF0048B5A0 /* Charts.framework */,
				F50CE73F1BD506FF0048B5A0 /* ChartsTV.framework */,
			);
			name = Products;
			sourceTree = "<group>";
		};
		F50CE7451BD507EA0048B5A0 /* ViewControllers */ = {
			isa = PBXGroup;
			children = (
				F50CE7461BD508390048B5A0 /* TodayViewController.swift */,
				0B9E682E1BE75A3E00A61991 /* HistoryTableViewController.swift */,
			);
			name = ViewControllers;
			sourceTree = "<group>";
		};
		F5FAE0C51BE77AEC00A649E2 /* Model */ = {
			isa = PBXGroup;
			children = (
				F5D2FBC11BEB564300F70AC9 /* Activity.swift */,
				F5D2FBC51BEB6F6200F70AC9 /* ActivityCollection.swift */,
			);
			name = Model;
			sourceTree = "<group>";
		};
		F5FC873B1BF356DD003DCDDE /* Healthkit */ = {
			isa = PBXGroup;
			children = (
				F5FC873C1BF356F5003DCDDE /* HealthKitManager.swift */,
			);
			name = Healthkit;
			sourceTree = "<group>";
		};
/* End PBXGroup section */

/* Begin PBXNativeTarget section */
		0BDD8F7D1BD4CDFE0095FCE9 /* Standup */ = {
			isa = PBXNativeTarget;
			buildConfigurationList = 0BDD8FA61BD4CDFE0095FCE9 /* Build configuration list for PBXNativeTarget "Standup" */;
			buildPhases = (
				0BDD8F7A1BD4CDFE0095FCE9 /* Sources */,
				0BDD8F7B1BD4CDFE0095FCE9 /* Frameworks */,
				0BDD8F7C1BD4CDFE0095FCE9 /* Resources */,
				F50CE7581BD50BEE0048B5A0 /* Embed Frameworks */,
			);
			buildRules = (
			);
			dependencies = (
				F50CE7571BD50BEE0048B5A0 /* PBXTargetDependency */,
				0B9C6DF41BFDE7FC00DE74B5 /* PBXTargetDependency */,
			);
			name = Standup;
			productName = Standup;
			productReference = 0BDD8F7E1BD4CDFE0095FCE9 /* Standup.app */;
			productType = "com.apple.product-type.application";
		};
		0BDD8F911BD4CDFE0095FCE9 /* StandupTests */ = {
			isa = PBXNativeTarget;
			buildConfigurationList = 0BDD8FA91BD4CDFE0095FCE9 /* Build configuration list for PBXNativeTarget "StandupTests" */;
			buildPhases = (
				0BDD8F8E1BD4CDFE0095FCE9 /* Sources */,
				0BDD8F8F1BD4CDFE0095FCE9 /* Frameworks */,
				0BDD8F901BD4CDFE0095FCE9 /* Resources */,
			);
			buildRules = (
			);
			dependencies = (
				0BDD8F941BD4CDFE0095FCE9 /* PBXTargetDependency */,
			);
			name = StandupTests;
			productName = StandupTests;
			productReference = 0BDD8F921BD4CDFE0095FCE9 /* StandupTests.xctest */;
			productType = "com.apple.product-type.bundle.unit-test";
		};
		0BDD8F9C1BD4CDFE0095FCE9 /* StandupUITests */ = {
			isa = PBXNativeTarget;
			buildConfigurationList = 0BDD8FAC1BD4CDFE0095FCE9 /* Build configuration list for PBXNativeTarget "StandupUITests" */;
			buildPhases = (
				0BDD8F991BD4CDFE0095FCE9 /* Sources */,
				0BDD8F9A1BD4CDFE0095FCE9 /* Frameworks */,
				0BDD8F9B1BD4CDFE0095FCE9 /* Resources */,
			);
			buildRules = (
			);
			dependencies = (
				0BDD8F9F1BD4CDFE0095FCE9 /* PBXTargetDependency */,
			);
			name = StandupUITests;
			productName = StandupUITests;
			productReference = 0BDD8F9D1BD4CDFE0095FCE9 /* StandupUITests.xctest */;
			productType = "com.apple.product-type.bundle.ui-testing";
		};
/* End PBXNativeTarget section */

/* Begin PBXProject section */
		0BDD8F761BD4CDFE0095FCE9 /* Project object */ = {
			isa = PBXProject;
			attributes = {
				LastUpgradeCheck = 0700;
				ORGANIZATIONNAME = "SMIOS7 Healthkit";
				TargetAttributes = {
					0BDD8F7D1BD4CDFE0095FCE9 = {
						CreatedOnToolsVersion = 7.0.1;
						DevelopmentTeam = UWTAA8VL2P;
						SystemCapabilities = {
							com.apple.HealthKit = {
								enabled = 1;
							};
						};
					};
					0BDD8F911BD4CDFE0095FCE9 = {
						CreatedOnToolsVersion = 7.0.1;
						TestTargetID = 0BDD8F7D1BD4CDFE0095FCE9;
					};
					0BDD8F9C1BD4CDFE0095FCE9 = {
						CreatedOnToolsVersion = 7.0.1;
						TestTargetID = 0BDD8F7D1BD4CDFE0095FCE9;
					};
				};
			};
			buildConfigurationList = 0BDD8F791BD4CDFE0095FCE9 /* Build configuration list for PBXProject "Standup" */;
			compatibilityVersion = "Xcode 3.2";
			developmentRegion = English;
			hasScannedForEncodings = 0;
			knownRegions = (
				en,
				Base,
			);
			mainGroup = 0BDD8F751BD4CDFE0095FCE9;
			productRefGroup = 0BDD8F7F1BD4CDFE0095FCE9 /* Products */;
			projectDirPath = "";
			projectReferences = (
				{
					ProductGroup = 0B9C6DDA1BFDE7CC00DE74B5 /* Products */;
					ProjectRef = 0B9C6DD91BFDE7CC00DE74B5 /* Alamofire.xcodeproj */;
				},
				{
					ProductGroup = F50CE7381BD506FF0048B5A0 /* Products */;
					ProjectRef = F50CE7371BD506FF0048B5A0 /* Charts.xcodeproj */;
				},
			);
			projectRoot = "";
			targets = (
				0BDD8F7D1BD4CDFE0095FCE9 /* Standup */,
				0BDD8F911BD4CDFE0095FCE9 /* StandupTests */,
				0BDD8F9C1BD4CDFE0095FCE9 /* StandupUITests */,
			);
		};
/* End PBXProject section */

/* Begin PBXReferenceProxy section */
		0B9C6DE41BFDE7CC00DE74B5 /* Alamofire.framework */ = {
			isa = PBXReferenceProxy;
			fileType = wrapper.framework;
			path = Alamofire.framework;
			remoteRef = 0B9C6DE31BFDE7CC00DE74B5 /* PBXContainerItemProxy */;
			sourceTree = BUILT_PRODUCTS_DIR;
		};
		0B9C6DE61BFDE7CC00DE74B5 /* Alamofire iOS Tests.xctest */ = {
			isa = PBXReferenceProxy;
			fileType = wrapper.cfbundle;
			path = "Alamofire iOS Tests.xctest";
			remoteRef = 0B9C6DE51BFDE7CC00DE74B5 /* PBXContainerItemProxy */;
			sourceTree = BUILT_PRODUCTS_DIR;
		};
		0B9C6DE81BFDE7CC00DE74B5 /* Alamofire.framework */ = {
			isa = PBXReferenceProxy;
			fileType = wrapper.framework;
			path = Alamofire.framework;
			remoteRef = 0B9C6DE71BFDE7CC00DE74B5 /* PBXContainerItemProxy */;
			sourceTree = BUILT_PRODUCTS_DIR;
		};
		0B9C6DEA1BFDE7CC00DE74B5 /* Alamofire OSX Tests.xctest */ = {
			isa = PBXReferenceProxy;
			fileType = wrapper.cfbundle;
			path = "Alamofire OSX Tests.xctest";
			remoteRef = 0B9C6DE91BFDE7CC00DE74B5 /* PBXContainerItemProxy */;
			sourceTree = BUILT_PRODUCTS_DIR;
		};
		0B9C6DEC1BFDE7CC00DE74B5 /* Alamofire.framework */ = {
			isa = PBXReferenceProxy;
			fileType = wrapper.framework;
			path = Alamofire.framework;
			remoteRef = 0B9C6DEB1BFDE7CC00DE74B5 /* PBXContainerItemProxy */;
			sourceTree = BUILT_PRODUCTS_DIR;
		};
		0B9C6DEE1BFDE7CC00DE74B5 /* Alamofire tvOS Tests.xctest */ = {
			isa = PBXReferenceProxy;
			fileType = wrapper.cfbundle;
			path = "Alamofire tvOS Tests.xctest";
			remoteRef = 0B9C6DED1BFDE7CC00DE74B5 /* PBXContainerItemProxy */;
			sourceTree = BUILT_PRODUCTS_DIR;
		};
		0B9C6DF01BFDE7CC00DE74B5 /* Alamofire.framework */ = {
			isa = PBXReferenceProxy;
			fileType = wrapper.framework;
			path = Alamofire.framework;
			remoteRef = 0B9C6DEF1BFDE7CC00DE74B5 /* PBXContainerItemProxy */;
			sourceTree = BUILT_PRODUCTS_DIR;
		};
		F50CE73D1BD506FF0048B5A0 /* Charts.framework */ = {
			isa = PBXReferenceProxy;
			fileType = wrapper.framework;
			path = Charts.framework;
			remoteRef = F50CE73C1BD506FF0048B5A0 /* PBXContainerItemProxy */;
			sourceTree = BUILT_PRODUCTS_DIR;
		};
		F50CE73F1BD506FF0048B5A0 /* ChartsTV.framework */ = {
			isa = PBXReferenceProxy;
			fileType = wrapper.framework;
			path = ChartsTV.framework;
			remoteRef = F50CE73E1BD506FF0048B5A0 /* PBXContainerItemProxy */;
			sourceTree = BUILT_PRODUCTS_DIR;
		};
/* End PBXReferenceProxy section */

/* Begin PBXResourcesBuildPhase section */
		0BDD8F7C1BD4CDFE0095FCE9 /* Resources */ = {
			isa = PBXResourcesBuildPhase;
			buildActionMask = 2147483647;
			files = (
				0BDD8F891BD4CDFE0095FCE9 /* Assets.xcassets in Resources */,
				0BDD8F871BD4CDFE0095FCE9 /* Main.storyboard in Resources */,
			);
			runOnlyForDeploymentPostprocessing = 0;
		};
		0BDD8F901BD4CDFE0095FCE9 /* Resources */ = {
			isa = PBXResourcesBuildPhase;
			buildActionMask = 2147483647;
			files = (
			);
			runOnlyForDeploymentPostprocessing = 0;
		};
		0BDD8F9B1BD4CDFE0095FCE9 /* Resources */ = {
			isa = PBXResourcesBuildPhase;
			buildActionMask = 2147483647;
			files = (
			);
			runOnlyForDeploymentPostprocessing = 0;
		};
/* End PBXResourcesBuildPhase section */

/* Begin PBXSourcesBuildPhase section */
		0BDD8F7A1BD4CDFE0095FCE9 /* Sources */ = {
			isa = PBXSourcesBuildPhase;
			buildActionMask = 2147483647;
			files = (
				F5D2FBC21BEB564300F70AC9 /* Activity.swift in Sources */,
				0B9E682F1BE75A3E00A61991 /* HistoryTableViewController.swift in Sources */,
				F5D2FBC61BEB6F6200F70AC9 /* ActivityCollection.swift in Sources */,
				0BDD8F841BD4CDFE0095FCE9 /* ViewController.swift in Sources */,
				0BDD8F821BD4CDFE0095FCE9 /* AppDelegate.swift in Sources */,
				F5FC873D1BF356F5003DCDDE /* HealthKitManager.swift in Sources */,
				F50CE7471BD508390048B5A0 /* TodayViewController.swift in Sources */,
			);
			runOnlyForDeploymentPostprocessing = 0;
		};
		0BDD8F8E1BD4CDFE0095FCE9 /* Sources */ = {
			isa = PBXSourcesBuildPhase;
			buildActionMask = 2147483647;
			files = (
				0BDD8F971BD4CDFE0095FCE9 /* StandupTests.swift in Sources */,
			);
			runOnlyForDeploymentPostprocessing = 0;
		};
		0BDD8F991BD4CDFE0095FCE9 /* Sources */ = {
			isa = PBXSourcesBuildPhase;
			buildActionMask = 2147483647;
			files = (
				0BDD8FA21BD4CDFE0095FCE9 /* StandupUITests.swift in Sources */,
			);
			runOnlyForDeploymentPostprocessing = 0;
		};
/* End PBXSourcesBuildPhase section */

/* Begin PBXTargetDependency section */
		0B9C6DF41BFDE7FC00DE74B5 /* PBXTargetDependency */ = {
			isa = PBXTargetDependency;
			name = "Alamofire iOS";
			targetProxy = 0B9C6DF31BFDE7FC00DE74B5 /* PBXContainerItemProxy */;
		};
		0BDD8F941BD4CDFE0095FCE9 /* PBXTargetDependency */ = {
			isa = PBXTargetDependency;
			target = 0BDD8F7D1BD4CDFE0095FCE9 /* Standup */;
			targetProxy = 0BDD8F931BD4CDFE0095FCE9 /* PBXContainerItemProxy */;
		};
		0BDD8F9F1BD4CDFE0095FCE9 /* PBXTargetDependency */ = {
			isa = PBXTargetDependency;
			target = 0BDD8F7D1BD4CDFE0095FCE9 /* Standup */;
			targetProxy = 0BDD8F9E1BD4CDFE0095FCE9 /* PBXContainerItemProxy */;
		};
		F50CE7571BD50BEE0048B5A0 /* PBXTargetDependency */ = {
			isa = PBXTargetDependency;
			name = Charts;
			targetProxy = F50CE7561BD50BEE0048B5A0 /* PBXContainerItemProxy */;
		};
/* End PBXTargetDependency section */

/* Begin PBXVariantGroup section */
		0BDD8F851BD4CDFE0095FCE9 /* Main.storyboard */ = {
			isa = PBXVariantGroup;
			children = (
				0BDD8F861BD4CDFE0095FCE9 /* Base */,
			);
			name = Main.storyboard;
			sourceTree = "<group>";
		};
/* End PBXVariantGroup section */

/* Begin XCBuildConfiguration section */
		0BDD8FA41BD4CDFE0095FCE9 /* Debug */ = {
			isa = XCBuildConfiguration;
			buildSettings = {
				ALWAYS_SEARCH_USER_PATHS = NO;
				CLANG_CXX_LANGUAGE_STANDARD = "gnu++0x";
				CLANG_CXX_LIBRARY = "libc++";
				CLANG_ENABLE_MODULES = YES;
				CLANG_ENABLE_OBJC_ARC = YES;
				CLANG_WARN_BOOL_CONVERSION = YES;
				CLANG_WARN_CONSTANT_CONVERSION = YES;
				CLANG_WARN_DIRECT_OBJC_ISA_USAGE = YES_ERROR;
				CLANG_WARN_EMPTY_BODY = YES;
				CLANG_WARN_ENUM_CONVERSION = YES;
				CLANG_WARN_INT_CONVERSION = YES;
				CLANG_WARN_OBJC_ROOT_CLASS = YES_ERROR;
				CLANG_WARN_UNREACHABLE_CODE = YES;
				CLANG_WARN__DUPLICATE_METHOD_MATCH = YES;
				"CODE_SIGN_IDENTITY[sdk=iphoneos*]" = "iPhone Developer";
				COPY_PHASE_STRIP = NO;
				DEBUG_INFORMATION_FORMAT = dwarf;
				ENABLE_STRICT_OBJC_MSGSEND = YES;
				ENABLE_TESTABILITY = YES;
				GCC_C_LANGUAGE_STANDARD = gnu99;
				GCC_DYNAMIC_NO_PIC = NO;
				GCC_NO_COMMON_BLOCKS = YES;
				GCC_OPTIMIZATION_LEVEL = 0;
				GCC_PREPROCESSOR_DEFINITIONS = (
					"DEBUG=1",
					"$(inherited)",
				);
				GCC_WARN_64_TO_32_BIT_CONVERSION = YES;
				GCC_WARN_ABOUT_RETURN_TYPE = YES_ERROR;
				GCC_WARN_UNDECLARED_SELECTOR = YES;
				GCC_WARN_UNINITIALIZED_AUTOS = YES_AGGRESSIVE;
				GCC_WARN_UNUSED_FUNCTION = YES;
				GCC_WARN_UNUSED_VARIABLE = YES;
				IPHONEOS_DEPLOYMENT_TARGET = 9.0;
				MTL_ENABLE_DEBUG_INFO = YES;
				ONLY_ACTIVE_ARCH = YES;
				SDKROOT = iphoneos;
				SWIFT_OPTIMIZATION_LEVEL = "-Onone";
				TARGETED_DEVICE_FAMILY = "1,2";
			};
			name = Debug;
		};
		0BDD8FA51BD4CDFE0095FCE9 /* Release */ = {
			isa = XCBuildConfiguration;
			buildSettings = {
				ALWAYS_SEARCH_USER_PATHS = NO;
				CLANG_CXX_LANGUAGE_STANDARD = "gnu++0x";
				CLANG_CXX_LIBRARY = "libc++";
				CLANG_ENABLE_MODULES = YES;
				CLANG_ENABLE_OBJC_ARC = YES;
				CLANG_WARN_BOOL_CONVERSION = YES;
				CLANG_WARN_CONSTANT_CONVERSION = YES;
				CLANG_WARN_DIRECT_OBJC_ISA_USAGE = YES_ERROR;
				CLANG_WARN_EMPTY_BODY = YES;
				CLANG_WARN_ENUM_CONVERSION = YES;
				CLANG_WARN_INT_CONVERSION = YES;
				CLANG_WARN_OBJC_ROOT_CLASS = YES_ERROR;
				CLANG_WARN_UNREACHABLE_CODE = YES;
				CLANG_WARN__DUPLICATE_METHOD_MATCH = YES;
				"CODE_SIGN_IDENTITY[sdk=iphoneos*]" = "iPhone Developer";
				COPY_PHASE_STRIP = NO;
				DEBUG_INFORMATION_FORMAT = "dwarf-with-dsym";
				ENABLE_NS_ASSERTIONS = NO;
				ENABLE_STRICT_OBJC_MSGSEND = YES;
				GCC_C_LANGUAGE_STANDARD = gnu99;
				GCC_NO_COMMON_BLOCKS = YES;
				GCC_WARN_64_TO_32_BIT_CONVERSION = YES;
				GCC_WARN_ABOUT_RETURN_TYPE = YES_ERROR;
				GCC_WARN_UNDECLARED_SELECTOR = YES;
				GCC_WARN_UNINITIALIZED_AUTOS = YES_AGGRESSIVE;
				GCC_WARN_UNUSED_FUNCTION = YES;
				GCC_WARN_UNUSED_VARIABLE = YES;
				IPHONEOS_DEPLOYMENT_TARGET = 9.0;
				MTL_ENABLE_DEBUG_INFO = NO;
				SDKROOT = iphoneos;
				TARGETED_DEVICE_FAMILY = "1,2";
				VALIDATE_PRODUCT = YES;
			};
			name = Release;
		};
		0BDD8FA71BD4CDFE0095FCE9 /* Debug */ = {
			isa = XCBuildConfiguration;
			buildSettings = {
				ALWAYS_SEARCH_USER_PATHS = NO;
				ASSETCATALOG_COMPILER_APPICON_NAME = AppIcon;
				CLANG_ALLOW_NON_MODULAR_INCLUDES_IN_FRAMEWORK_MODULES = YES;
				CODE_SIGN_ENTITLEMENTS = Standup/Standup.entitlements;
				CODE_SIGN_IDENTITY = "iPhone Developer";
				EMBEDDED_CONTENT_CONTAINS_SWIFT = YES;
				FRAMEWORK_SEARCH_PATHS = "\"~/Documents/FacebookSDK\"";
				INFOPLIST_FILE = Standup/Info.plist;
				IPHONEOS_DEPLOYMENT_TARGET = 9.0;
				LD_RUNPATH_SEARCH_PATHS = "$(inherited) @executable_path/Frameworks";
				PRODUCT_BUNDLE_IDENTIFIER = edu.fontys.Healthkit;
				PRODUCT_NAME = "$(TARGET_NAME)";
			};
			name = Debug;
		};
		0BDD8FA81BD4CDFE0095FCE9 /* Release */ = {
			isa = XCBuildConfiguration;
			buildSettings = {
				ALWAYS_SEARCH_USER_PATHS = NO;
				ASSETCATALOG_COMPILER_APPICON_NAME = AppIcon;
				CLANG_ALLOW_NON_MODULAR_INCLUDES_IN_FRAMEWORK_MODULES = YES;
				CODE_SIGN_ENTITLEMENTS = Standup/Standup.entitlements;
				CODE_SIGN_IDENTITY = "iPhone Developer";
				EMBEDDED_CONTENT_CONTAINS_SWIFT = YES;
				FRAMEWORK_SEARCH_PATHS = "\"~/Documents/FacebookSDK\"";
				INFOPLIST_FILE = Standup/Info.plist;
				IPHONEOS_DEPLOYMENT_TARGET = 9.0;
				LD_RUNPATH_SEARCH_PATHS = "$(inherited) @executable_path/Frameworks";
				PRODUCT_BUNDLE_IDENTIFIER = edu.fontys.Healthkit;
				PRODUCT_NAME = "$(TARGET_NAME)";
			};
			name = Release;
		};
		0BDD8FAA1BD4CDFE0095FCE9 /* Debug */ = {
			isa = XCBuildConfiguration;
			buildSettings = {
				BUNDLE_LOADER = "$(TEST_HOST)";
				INFOPLIST_FILE = StandupTests/Info.plist;
				LD_RUNPATH_SEARCH_PATHS = "$(inherited) @executable_path/Frameworks @loader_path/Frameworks";
				PRODUCT_BUNDLE_IDENTIFIER = edu.fontys.HealthKit.StandupTests;
				PRODUCT_NAME = "$(TARGET_NAME)";
				TEST_HOST = "$(BUILT_PRODUCTS_DIR)/Standup.app/Standup";
			};
			name = Debug;
		};
		0BDD8FAB1BD4CDFE0095FCE9 /* Release */ = {
			isa = XCBuildConfiguration;
			buildSettings = {
				BUNDLE_LOADER = "$(TEST_HOST)";
				INFOPLIST_FILE = StandupTests/Info.plist;
				LD_RUNPATH_SEARCH_PATHS = "$(inherited) @executable_path/Frameworks @loader_path/Frameworks";
				PRODUCT_BUNDLE_IDENTIFIER = edu.fontys.HealthKit.StandupTests;
				PRODUCT_NAME = "$(TARGET_NAME)";
				TEST_HOST = "$(BUILT_PRODUCTS_DIR)/Standup.app/Standup";
			};
			name = Release;
		};
		0BDD8FAD1BD4CDFE0095FCE9 /* Debug */ = {
			isa = XCBuildConfiguration;
			buildSettings = {
				INFOPLIST_FILE = StandupUITests/Info.plist;
				LD_RUNPATH_SEARCH_PATHS = "$(inherited) @executable_path/Frameworks @loader_path/Frameworks";
				PRODUCT_BUNDLE_IDENTIFIER = edu.fontys.HealthKit.StandupUITests;
				PRODUCT_NAME = "$(TARGET_NAME)";
				TEST_TARGET_NAME = Standup;
				USES_XCTRUNNER = YES;
			};
			name = Debug;
		};
		0BDD8FAE1BD4CDFE0095FCE9 /* Release */ = {
			isa = XCBuildConfiguration;
			buildSettings = {
				INFOPLIST_FILE = StandupUITests/Info.plist;
				LD_RUNPATH_SEARCH_PATHS = "$(inherited) @executable_path/Frameworks @loader_path/Frameworks";
				PRODUCT_BUNDLE_IDENTIFIER = edu.fontys.HealthKit.StandupUITests;
				PRODUCT_NAME = "$(TARGET_NAME)";
				TEST_TARGET_NAME = Standup;
				USES_XCTRUNNER = YES;
			};
			name = Release;
		};
/* End XCBuildConfiguration section */

/* Begin XCConfigurationList section */
		0BDD8F791BD4CDFE0095FCE9 /* Build configuration list for PBXProject "Standup" */ = {
			isa = XCConfigurationList;
			buildConfigurations = (
				0BDD8FA41BD4CDFE0095FCE9 /* Debug */,
				0BDD8FA51BD4CDFE0095FCE9 /* Release */,
			);
			defaultConfigurationIsVisible = 0;
			defaultConfigurationName = Release;
		};
		0BDD8FA61BD4CDFE0095FCE9 /* Build configuration list for PBXNativeTarget "Standup" */ = {
			isa = XCConfigurationList;
			buildConfigurations = (
				0BDD8FA71BD4CDFE0095FCE9 /* Debug */,
				0BDD8FA81BD4CDFE0095FCE9 /* Release */,
			);
			defaultConfigurationIsVisible = 0;
			defaultConfigurationName = Release;
		};
		0BDD8FA91BD4CDFE0095FCE9 /* Build configuration list for PBXNativeTarget "StandupTests" */ = {
			isa = XCConfigurationList;
			buildConfigurations = (
				0BDD8FAA1BD4CDFE0095FCE9 /* Debug */,
				0BDD8FAB1BD4CDFE0095FCE9 /* Release */,
			);
			defaultConfigurationIsVisible = 0;
			defaultConfigurationName = Release;
		};
		0BDD8FAC1BD4CDFE0095FCE9 /* Build configuration list for PBXNativeTarget "StandupUITests" */ = {
			isa = XCConfigurationList;
			buildConfigurations = (
				0BDD8FAD1BD4CDFE0095FCE9 /* Debug */,
				0BDD8FAE1BD4CDFE0095FCE9 /* Release */,
			);
			defaultConfigurationIsVisible = 0;
			defaultConfigurationName = Release;
		};
/* End XCConfigurationList section */
	};
	rootObject = 0BDD8F761BD4CDFE0095FCE9 /* Project object */;
}
